
Microsoft Visual Studio Solution File, Format Version 12.00
# Visual Studio Version 17
VisualStudioVersion = 17.4.33110.190
MinimumVisualStudioVersion = 10.0.40219.1
Project("{FAE04EC0-301F-11D3-BF4B-00C04F79EFBC}") = "Polizia_Municipale_CRM", "Polizia_Municipale_CRM\Polizia_Municipale_CRM.csproj", "{9EF71B92-58FB-40C0-BF74-5C4646FF5E97}"
EndProject
Global
	GlobalSection(SolutionConfigurationPlatforms) = preSolution
		Debug|Any CPU = Debug|Any CPU
		Release|Any CPU = Release|Any CPU
	EndGlobalSection
	GlobalSection(ProjectConfigurationPlatforms) = postSolution
		{9EF71B92-58FB-40C0-BF74-5C4646FF5E97}.Debug|Any CPU.ActiveCfg = Debug|Any CPU
		{9EF71B92-58FB-40C0-BF74-5C4646FF5E97}.Debug|Any CPU.Build.0 = Debug|Any CPU
		{9EF71B92-58FB-40C0-BF74-5C4646FF5E97}.Release|Any CPU.ActiveCfg = Release|Any CPU
		{9EF71B92-58FB-40C0-BF74-5C4646FF5E97}.Release|Any CPU.Build.0 = Release|Any CPU
	EndGlobalSection
	GlobalSection(SolutionProperties) = preSolution
		HideSolutionNode = FALSE
	EndGlobalSection
	GlobalSection(ExtensibilityGlobals) = postSolution
		SolutionGuid = {FF0825A5-93E7-4C60-A231-1D6ADCB26706}
	EndGlobalSection
EndGlobal
